
Microsoft Visual Studio Solution File, Format Version 12.00
# Visual Studio Version 16
VisualStudioVersion = 16.6.30114.105
MinimumVisualStudioVersion = 10.0.40219.1
Project("{2150E333-8FDC-42A3-9474-1A3956D46DE8}") = "test", "test", "{1A40825B-5012-4B3F-86E5-20F47F99E794}"
EndProject
Project("{9A19103F-16F7-4668-BE54-9A1E7A4F7556}") = "tests", "test\component-tests\tests.csproj", "{A08D8441-7C05-4556-B061-AAF974EA76DD}"
EndProject
Project("{2150E333-8FDC-42A3-9474-1A3956D46DE8}") = "src", "src", "{F068E629-E751-4B17-BC0D-B0D82B1E3FBC}"
EndProject
Project("{2150E333-8FDC-42A3-9474-1A3956D46DE8}") = "message_providers", "message_providers", "{8A17E0E3-2512-464D-A27B-6F725A96D082}"
EndProject
Project("{9A19103F-16F7-4668-BE54-9A1E7A4F7556}") = "service-bus", "src\providers\service-bus\plugin\service-bus.csproj", "{FB8A1374-F772-4258-A58B-698AFC709389}"
EndProject
Project("{9A19103F-16F7-4668-BE54-9A1E7A4F7556}") = "service-bus-dependency-injection", "src\providers\service-bus\aspnet-extensions\service-bus-dependency-injection.csproj", "{C9C8A371-5BDF-4F3E-BE17-7D498D92CA78}"
EndProject
Project("{2150E333-8FDC-42A3-9474-1A3956D46DE8}") = "core", "core", "{F10F102E-B3D9-4742-A8CB-5202BEB54A93}"
EndProject
Project("{2150E333-8FDC-42A3-9474-1A3956D46DE8}") = "interfaces", "interfaces", "{63360709-2585-4556-8100-7FA50C7115E9}"
EndProject
Project("{9A19103F-16F7-4668-BE54-9A1E7A4F7556}") = "messaging-sidecar", "src\core\messaging-sidecar.csproj", "{642A66D3-B401-45CD-8E4C-1E457B7E83EE}"
EndProject
Project("{9A19103F-16F7-4668-BE54-9A1E7A4F7556}") = "messaging-sidecar-interfaces", "src\interfaces\messaging-sidecar-interfaces\messaging-sidecar-interfaces.csproj", "{8210B887-92B3-4705-866E-9948D3A58AFE}"
EndProject
Global
	GlobalSection(SolutionConfigurationPlatforms) = preSolution
		Debug|Any CPU = Debug|Any CPU
		Debug|x64 = Debug|x64
		Debug|x86 = Debug|x86
		Release|Any CPU = Release|Any CPU
		Release|x64 = Release|x64
		Release|x86 = Release|x86
	EndGlobalSection
	GlobalSection(ProjectConfigurationPlatforms) = postSolution
		{A08D8441-7C05-4556-B061-AAF974EA76DD}.Debug|Any CPU.ActiveCfg = Debug|Any CPU
		{A08D8441-7C05-4556-B061-AAF974EA76DD}.Debug|Any CPU.Build.0 = Debug|Any CPU
		{A08D8441-7C05-4556-B061-AAF974EA76DD}.Debug|x64.ActiveCfg = Debug|Any CPU
		{A08D8441-7C05-4556-B061-AAF974EA76DD}.Debug|x64.Build.0 = Debug|Any CPU
		{A08D8441-7C05-4556-B061-AAF974EA76DD}.Debug|x86.ActiveCfg = Debug|Any CPU
		{A08D8441-7C05-4556-B061-AAF974EA76DD}.Debug|x86.Build.0 = Debug|Any CPU
		{A08D8441-7C05-4556-B061-AAF974EA76DD}.Release|Any CPU.ActiveCfg = Release|Any CPU
		{A08D8441-7C05-4556-B061-AAF974EA76DD}.Release|Any CPU.Build.0 = Release|Any CPU
		{A08D8441-7C05-4556-B061-AAF974EA76DD}.Release|x64.ActiveCfg = Release|Any CPU
		{A08D8441-7C05-4556-B061-AAF974EA76DD}.Release|x64.Build.0 = Release|Any CPU
		{A08D8441-7C05-4556-B061-AAF974EA76DD}.Release|x86.ActiveCfg = Release|Any CPU
		{A08D8441-7C05-4556-B061-AAF974EA76DD}.Release|x86.Build.0 = Release|Any CPU
		{FB8A1374-F772-4258-A58B-698AFC709389}.Debug|Any CPU.ActiveCfg = Debug|Any CPU
		{FB8A1374-F772-4258-A58B-698AFC709389}.Debug|Any CPU.Build.0 = Debug|Any CPU
		{FB8A1374-F772-4258-A58B-698AFC709389}.Debug|x64.ActiveCfg = Debug|Any CPU
		{FB8A1374-F772-4258-A58B-698AFC709389}.Debug|x64.Build.0 = Debug|Any CPU
		{FB8A1374-F772-4258-A58B-698AFC709389}.Debug|x86.ActiveCfg = Debug|Any CPU
		{FB8A1374-F772-4258-A58B-698AFC709389}.Debug|x86.Build.0 = Debug|Any CPU
		{FB8A1374-F772-4258-A58B-698AFC709389}.Release|Any CPU.ActiveCfg = Release|Any CPU
		{FB8A1374-F772-4258-A58B-698AFC709389}.Release|Any CPU.Build.0 = Release|Any CPU
		{FB8A1374-F772-4258-A58B-698AFC709389}.Release|x64.ActiveCfg = Release|Any CPU
		{FB8A1374-F772-4258-A58B-698AFC709389}.Release|x64.Build.0 = Release|Any CPU
		{FB8A1374-F772-4258-A58B-698AFC709389}.Release|x86.ActiveCfg = Release|Any CPU
		{FB8A1374-F772-4258-A58B-698AFC709389}.Release|x86.Build.0 = Release|Any CPU
		{C9C8A371-5BDF-4F3E-BE17-7D498D92CA78}.Debug|Any CPU.ActiveCfg = Debug|Any CPU
		{C9C8A371-5BDF-4F3E-BE17-7D498D92CA78}.Debug|Any CPU.Build.0 = Debug|Any CPU
		{C9C8A371-5BDF-4F3E-BE17-7D498D92CA78}.Debug|x64.ActiveCfg = Debug|Any CPU
		{C9C8A371-5BDF-4F3E-BE17-7D498D92CA78}.Debug|x64.Build.0 = Debug|Any CPU
		{C9C8A371-5BDF-4F3E-BE17-7D498D92CA78}.Debug|x86.ActiveCfg = Debug|Any CPU
		{C9C8A371-5BDF-4F3E-BE17-7D498D92CA78}.Debug|x86.Build.0 = Debug|Any CPU
		{C9C8A371-5BDF-4F3E-BE17-7D498D92CA78}.Release|Any CPU.ActiveCfg = Release|Any CPU
		{C9C8A371-5BDF-4F3E-BE17-7D498D92CA78}.Release|Any CPU.Build.0 = Release|Any CPU
		{C9C8A371-5BDF-4F3E-BE17-7D498D92CA78}.Release|x64.ActiveCfg = Release|Any CPU
		{C9C8A371-5BDF-4F3E-BE17-7D498D92CA78}.Release|x64.Build.0 = Release|Any CPU
		{C9C8A371-5BDF-4F3E-BE17-7D498D92CA78}.Release|x86.ActiveCfg = Release|Any CPU
		{C9C8A371-5BDF-4F3E-BE17-7D498D92CA78}.Release|x86.Build.0 = Release|Any CPU
		{642A66D3-B401-45CD-8E4C-1E457B7E83EE}.Debug|Any CPU.ActiveCfg = Debug|Any CPU
		{642A66D3-B401-45CD-8E4C-1E457B7E83EE}.Debug|Any CPU.Build.0 = Debug|Any CPU
		{642A66D3-B401-45CD-8E4C-1E457B7E83EE}.Debug|x64.ActiveCfg = Debug|Any CPU
		{642A66D3-B401-45CD-8E4C-1E457B7E83EE}.Debug|x64.Build.0 = Debug|Any CPU
		{642A66D3-B401-45CD-8E4C-1E457B7E83EE}.Debug|x86.ActiveCfg = Debug|Any CPU
		{642A66D3-B401-45CD-8E4C-1E457B7E83EE}.Debug|x86.Build.0 = Debug|Any CPU
		{642A66D3-B401-45CD-8E4C-1E457B7E83EE}.Release|Any CPU.ActiveCfg = Release|Any CPU
		{642A66D3-B401-45CD-8E4C-1E457B7E83EE}.Release|Any CPU.Build.0 = Release|Any CPU
		{642A66D3-B401-45CD-8E4C-1E457B7E83EE}.Release|x64.ActiveCfg = Release|Any CPU
		{642A66D3-B401-45CD-8E4C-1E457B7E83EE}.Release|x64.Build.0 = Release|Any CPU
		{642A66D3-B401-45CD-8E4C-1E457B7E83EE}.Release|x86.ActiveCfg = Release|Any CPU
		{642A66D3-B401-45CD-8E4C-1E457B7E83EE}.Release|x86.Build.0 = Release|Any CPU
		{8210B887-92B3-4705-866E-9948D3A58AFE}.Debug|Any CPU.ActiveCfg = Debug|Any CPU
		{8210B887-92B3-4705-866E-9948D3A58AFE}.Debug|Any CPU.Build.0 = Debug|Any CPU
		{8210B887-92B3-4705-866E-9948D3A58AFE}.Debug|x64.ActiveCfg = Debug|Any CPU
		{8210B887-92B3-4705-866E-9948D3A58AFE}.Debug|x64.Build.0 = Debug|Any CPU
		{8210B887-92B3-4705-866E-9948D3A58AFE}.Debug|x86.ActiveCfg = Debug|Any CPU
		{8210B887-92B3-4705-866E-9948D3A58AFE}.Debug|x86.Build.0 = Debug|Any CPU
		{8210B887-92B3-4705-866E-9948D3A58AFE}.Release|Any CPU.ActiveCfg = Release|Any CPU
		{8210B887-92B3-4705-866E-9948D3A58AFE}.Release|Any CPU.Build.0 = Release|Any CPU
		{8210B887-92B3-4705-866E-9948D3A58AFE}.Release|x64.ActiveCfg = Release|Any CPU
		{8210B887-92B3-4705-866E-9948D3A58AFE}.Release|x64.Build.0 = Release|Any CPU
		{8210B887-92B3-4705-866E-9948D3A58AFE}.Release|x86.ActiveCfg = Release|Any CPU
		{8210B887-92B3-4705-866E-9948D3A58AFE}.Release|x86.Build.0 = Release|Any CPU
	EndGlobalSection
	GlobalSection(SolutionProperties) = preSolution
		HideSolutionNode = FALSE
	EndGlobalSection
	GlobalSection(NestedProjects) = preSolution
		{A08D8441-7C05-4556-B061-AAF974EA76DD} = {1A40825B-5012-4B3F-86E5-20F47F99E794}
		{8A17E0E3-2512-464D-A27B-6F725A96D082} = {F068E629-E751-4B17-BC0D-B0D82B1E3FBC}
		{FB8A1374-F772-4258-A58B-698AFC709389} = {8A17E0E3-2512-464D-A27B-6F725A96D082}
		{C9C8A371-5BDF-4F3E-BE17-7D498D92CA78} = {8A17E0E3-2512-464D-A27B-6F725A96D082}
		{F10F102E-B3D9-4742-A8CB-5202BEB54A93} = {F068E629-E751-4B17-BC0D-B0D82B1E3FBC}
		{63360709-2585-4556-8100-7FA50C7115E9} = {F068E629-E751-4B17-BC0D-B0D82B1E3FBC}
		{642A66D3-B401-45CD-8E4C-1E457B7E83EE} = {F10F102E-B3D9-4742-A8CB-5202BEB54A93}
		{8210B887-92B3-4705-866E-9948D3A58AFE} = {63360709-2585-4556-8100-7FA50C7115E9}
	EndGlobalSection
	GlobalSection(ExtensibilityGlobals) = postSolution
		SolutionGuid = {7B0E4164-BD5C-44E9-871C-EFF291E928A6}
	EndGlobalSection
EndGlobal
